lockfileVersion: '6.0'

settings:
  autoInstallPeers: true
  excludeLinksFromLockfile: false

dependencies:
  '@ierik/react-generics':
    specifier: link:/home/Erik/Git/react-generics
    version: link:../../../react-generics
  '@ierik/ts-utils':
    specifier: ^1.0.1
    version: 1.0.1
  '@stitches/react':
    specifier: ^1.2.8
    version: 1.2.8(react@18.2.0)
  overlayscrollbars:
    specifier: ^2.1.1
    version: 2.2.1
  overlayscrollbars-react:
    specifier: ^0.5.0
    version: 0.5.1(overlayscrollbars@2.2.1)(react@18.2.0)
  prop-types:
    specifier: ^15.8.1
    version: 15.8.1
  react:
    specifier: ^18.2.0
    version: 18.2.0
  react-dom:
    specifier: ^18.2.0
    version: 18.2.0(react@18.2.0)
  typescript:
    specifier: ^5.0.3
    version: 5.1.6

devDependencies:
  '@types/react':
    specifier: ^18.0.33
    version: 18.2.15
  '@types/react-dom':
    specifier: ^18.0.11
    version: 18.2.7

packages:

  /@ierik/ts-utils@1.0.1:
    resolution: {integrity: sha512-QeQOq/CJlWZr1nARASOs+er7uZ6n5RBTnaNZUQf2kU0z93t9poKouCKPfXFscj+8tWY6cU5gWErqi/L/OmQhXA==, tarball: https://npm.pkg.github.com/download/@ierik/ts-utils/1.0.1/0849b31bc513dea8f621b99c458b392ad4d999ab}
    dev: false

  /@stitches/react@1.2.8(react@18.2.0):
    resolution: {integrity: sha512-9g9dWI4gsSVe8bNLlb+lMkBYsnIKCZTmvqvDG+Avnn69XfmHZKiaMrx7cgTaddq7aTPPmXiTsbFcUy0xgI4+wA==}
    peerDependencies:
      react: '>= 16.3.0'
    dependencies:
      react: 18.2.0
    dev: false

  /@types/prop-types@15.7.5:
    resolution: {integrity: sha512-JCB8C6SnDoQf0cNycqd/35A7MjcnK+ZTqE7judS6o7utxUCg6imJg3QK2qzHKszlTjcj2cn+NwMB2i96ubpj7w==}
    dev: true

  /@types/react-dom@18.2.7:
    resolution: {integrity: sha512-GRaAEriuT4zp9N4p1i8BDBYmEyfo+xQ3yHjJU4eiK5NDa1RmUZG+unZABUTK4/Ox/M+GaHwb6Ow8rUITrtjszA==}
    dependencies:
      '@types/react': 18.2.15
    dev: true

  /@types/react@18.2.15:
    resolution: {integrity: sha512-oEjE7TQt1fFTFSbf8kkNuc798ahTUzn3Le67/PWjE8MAfYAD/qB7O8hSTcromLFqHCt9bcdOg5GXMokzTjJ5SA==}
    dependencies:
      '@types/prop-types': 15.7.5
      '@types/scheduler': 0.16.3
      csstype: 3.1.2
    dev: true

  /@types/scheduler@0.16.3:
    resolution: {integrity: sha512-5cJ8CB4yAx7BH1oMvdU0Jh9lrEXyPkar6F9G/ERswkCuvP4KQZfZkSjcMbAICCpQTN4OuZn8tz0HiKv9TGZgrQ==}
    dev: true

  /csstype@3.1.2:
    resolution: {integrity: sha512-I7K1Uu0MBPzaFKg4nI5Q7Vs2t+3gWWW648spaF+Rg7pI9ds18Ugn+lvg4SHczUdKlHI5LWBXyqfS8+DufyBsgQ==}
    dev: true

  /js-tokens@4.0.0:
    resolution: {integrity: sha512-RdJUflcE3cUzKiMqQgsCu06FPu9UdIJO0beYbPhHN4k6apgJtifcoCtT9bcxOpYBtpD2kCM6Sbzg4CausW/PKQ==}
    dev: false

  /loose-envify@1.4.0:
    resolution: {integrity: sha512-lyuxPGr/Wfhrlem2CL/UcnUc1zcqKAImBDzukY7Y5F/yQiNdko6+fRLevlw1HgMySw7f611UIY408EtxRSoK3Q==}
    hasBin: true
    dependencies:
      js-tokens: 4.0.0
    dev: false

  /object-assign@4.1.1:
    resolution: {integrity: sha512-rJgTQnkUnH1sFw8yT6VSU3zD3sWmu6sZhIseY8VX+GRu3P6F7Fu+JNDoXfklElbLJSnc3FUQHVe4cU5hj+BcUg==}
    engines: {node: '>=0.10.0'}
    dev: false

  /overlayscrollbars-react@0.5.1(overlayscrollbars@2.2.1)(react@18.2.0):
    resolution: {integrity: sha512-0xw9J1CT/cQ+ELYy3hudG6nY1H5dgJ1DdVW3d8aZwqx6wyHNZV4nsBQXUxoHmPo3dmlJ5MvOLzpKWA4X6nL4QA==}
    peerDependencies:
      overlayscrollbars: ^2.0.0
      react: '>=16.8.0'
    dependencies:
      overlayscrollbars: 2.2.1
      react: 18.2.0
    dev: false

  /overlayscrollbars@2.2.1:
    resolution: {integrity: sha512-5oMxq4UCiEVLiOSvovbX8p+P2NtPosjHC0KkIcaobnYuxGwMyTOwBCtBdqO1tXrrA02VVrNzuIjGMLisO2mIwg==}
    dev: false

  /prop-types@15.8.1:
    resolution: {integrity: sha512-oj87CgZICdulUohogVAR7AjlC0327U4el4L6eAvOqCeudMDVU0NThNaV+b9Df4dXgSP1gXMTnPdhfe/2qDH5cg==}
    dependencies:
      loose-envify: 1.4.0
      object-assign: 4.1.1
      react-is: 16.13.1
    dev: false

  /react-dom@18.2.0(react@18.2.0):
    resolution: {integrity: sha512-6IMTriUmvsjHUjNtEDudZfuDQUoWXVxKHhlEGSk81n4YFS+r/Kl99wXiwlVXtPBtJenozv2P+hxDsw9eA7Xo6g==}
    peerDependencies:
      react: ^18.2.0
    dependencies:
      loose-envify: 1.4.0
      react: 18.2.0
      scheduler: 0.23.0
    dev: false

  /react-is@16.13.1:
    resolution: {integrity: sha512-24e6ynE2H+OKt4kqsOvNd8kBpV65zoxbA4BVsEOB3ARVWQki/DHzaUoC5KuON/BiccDaCCTZBuOcfZs70kR8bQ==}
    dev: false

  /react@18.2.0:
    resolution: {integrity: sha512-/3IjMdb2L9QbBdWiW5e3P2/npwMBaU9mHCSCUzNln0ZCYbcfTsGbTJrU/kGemdH2IWmB2ioZ+zkxtmq6g09fGQ==}
    engines: {node: '>=0.10.0'}
    dependencies:
      loose-envify: 1.4.0
    dev: false

  /scheduler@0.23.0:
    resolution: {integrity: sha512-CtuThmgHNg7zIZWAXi3AsyIzA3n4xx7aNyjwC2VJldO2LMVDhFK+63xGqq6CsJH4rTAt6/M+N4GhZiDYPx9eUw==}
    dependencies:
      loose-envify: 1.4.0
    dev: false

  /typescript@5.1.6:
    resolution: {integrity: sha512-zaWCozRZ6DLEWAWFrVDz1H6FVXzUSfTy5FUMWsQlU8Ym5JP9eO4xkTIROFCQvhQf61z6O/G6ugw3SgAnvvm+HA==}
    engines: {node: '>=14.17'}
    hasBin: true
    dev: false
